
Microsoft Visual Studio Solution File, Format Version 12.00
# Visual Studio Version 16
VisualStudioVersion = 16.0.31911.196
MinimumVisualStudioVersion = 10.0.40219.1
Project("{FAE04EC0-301F-11D3-BF4B-00C04F79EFBC}") = "Advent of Code 2021", "Advent of Code 2021\Advent of Code 2021.csproj", "{62AFA866-B1E8-4335-9C3E-25B9C8DF9FEF}"
EndProject
Project("{9A19103F-16F7-4668-BE54-9A1E7A4F7556}") = "Day2", "Day2\Day2.csproj", "{BA0F865F-8B26-4EDA-AE87-53807B28C4E9}"
EndProject
Project("{9A19103F-16F7-4668-BE54-9A1E7A4F7556}") = "Day3", "Day3\Day3.csproj", "{11369270-2EDB-4E3B-918F-0E835A66D961}"
EndProject
Project("{FAE04EC0-301F-11D3-BF4B-00C04F79EFBC}") = "Day1", "Day1\Day1.csproj", "{E6E04EA6-D5D8-4BF0-B063-D2AA31AEA31F}"
EndProject
Global
	GlobalSection(SolutionConfigurationPlatforms) = preSolution
		Debug|Any CPU = Debug|Any CPU
		Release|Any CPU = Release|Any CPU
	EndGlobalSection
	GlobalSection(ProjectConfigurationPlatforms) = postSolution
		{62AFA866-B1E8-4335-9C3E-25B9C8DF9FEF}.Debug|Any CPU.ActiveCfg = Debug|Any CPU
		{62AFA866-B1E8-4335-9C3E-25B9C8DF9FEF}.Debug|Any CPU.Build.0 = Debug|Any CPU
		{62AFA866-B1E8-4335-9C3E-25B9C8DF9FEF}.Release|Any CPU.ActiveCfg = Release|Any CPU
		{62AFA866-B1E8-4335-9C3E-25B9C8DF9FEF}.Release|Any CPU.Build.0 = Release|Any CPU
		{BA0F865F-8B26-4EDA-AE87-53807B28C4E9}.Debug|Any CPU.ActiveCfg = Debug|Any CPU
		{BA0F865F-8B26-4EDA-AE87-53807B28C4E9}.Debug|Any CPU.Build.0 = Debug|Any CPU
		{BA0F865F-8B26-4EDA-AE87-53807B28C4E9}.Release|Any CPU.ActiveCfg = Release|Any CPU
		{BA0F865F-8B26-4EDA-AE87-53807B28C4E9}.Release|Any CPU.Build.0 = Release|Any CPU
		{11369270-2EDB-4E3B-918F-0E835A66D961}.Debug|Any CPU.ActiveCfg = Debug|Any CPU
		{11369270-2EDB-4E3B-918F-0E835A66D961}.Debug|Any CPU.Build.0 = Debug|Any CPU
		{11369270-2EDB-4E3B-918F-0E835A66D961}.Release|Any CPU.ActiveCfg = Release|Any CPU
		{11369270-2EDB-4E3B-918F-0E835A66D961}.Release|Any CPU.Build.0 = Release|Any CPU
		{E6E04EA6-D5D8-4BF0-B063-D2AA31AEA31F}.Debug|Any CPU.ActiveCfg = Debug|Any CPU
		{E6E04EA6-D5D8-4BF0-B063-D2AA31AEA31F}.Debug|Any CPU.Build.0 = Debug|Any CPU
		{E6E04EA6-D5D8-4BF0-B063-D2AA31AEA31F}.Release|Any CPU.ActiveCfg = Release|Any CPU
		{E6E04EA6-D5D8-4BF0-B063-D2AA31AEA31F}.Release|Any CPU.Build.0 = Release|Any CPU
	EndGlobalSection
	GlobalSection(SolutionProperties) = preSolution
		HideSolutionNode = FALSE
	EndGlobalSection
	GlobalSection(ExtensibilityGlobals) = postSolution
		SolutionGuid = {44479C0D-A278-4A6A-BF1F-1CCBDFB9842C}
	EndGlobalSection
EndGlobal
